
Microsoft Visual Studio Solution File, Format Version 12.00
# Visual Studio Version 16
VisualStudioVersion = 16.0.31911.196
MinimumVisualStudioVersion = 10.0.40219.1
Project("{9A19103F-16F7-4668-BE54-9A1E7A4F7556}") = "HealthCheck", "HealthCheck.csproj", "{BFD8FFF9-7345-4478-9F5F-D23D8E272DFE}"
EndProject
Global
	GlobalSection(SolutionConfigurationPlatforms) = preSolution
		Debug|Any CPU = Debug|Any CPU
		Release|Any CPU = Release|Any CPU
	EndGlobalSection
	GlobalSection(ProjectConfigurationPlatforms) = postSolution
		{BFD8FFF9-7345-4478-9F5F-D23D8E272DFE}.Debug|Any CPU.ActiveCfg = Debug|Any CPU
		{BFD8FFF9-7345-4478-9F5F-D23D8E272DFE}.Debug|Any CPU.Build.0 = Debug|Any CPU
		{BFD8FFF9-7345-4478-9F5F-D23D8E272DFE}.Release|Any CPU.ActiveCfg = Release|Any CPU
		{BFD8FFF9-7345-4478-9F5F-D23D8E272DFE}.Release|Any CPU.Build.0 = Release|Any CPU
	EndGlobalSection
	GlobalSection(SolutionProperties) = preSolution
		HideSolutionNode = FALSE
	EndGlobalSection
	GlobalSection(ExtensibilityGlobals) = postSolution
		SolutionGuid = {DD1EC3E3-C572-44EA-A100-F2014288FB93}
	EndGlobalSection
EndGlobal
